
Microsoft Visual Studio Solution File, Format Version 12.00
# Visual Studio Version 17
VisualStudioVersion = 17.13.35825.156 d17.13
MinimumVisualStudioVersion = 10.0.40219.1
Project("{FAE04EC0-301F-11D3-BF4B-00C04F79EFBC}") = "VectorPractica", "VectorPractica\VectorPractica.csproj", "{A61856AD-B8C6-4687-B28F-CA1FDCAC7BBF}"
EndProject
Global
	GlobalSection(SolutionConfigurationPlatforms) = preSolution
		Debug|Any CPU = Debug|Any CPU
		Release|Any CPU = Release|Any CPU
	EndGlobalSection
	GlobalSection(ProjectConfigurationPlatforms) = postSolution
		{A61856AD-B8C6-4687-B28F-CA1FDCAC7BBF}.Debug|Any CPU.ActiveCfg = Debug|Any CPU
		{A61856AD-B8C6-4687-B28F-CA1FDCAC7BBF}.Debug|Any CPU.Build.0 = Debug|Any CPU
		{A61856AD-B8C6-4687-B28F-CA1FDCAC7BBF}.Release|Any CPU.ActiveCfg = Release|Any CPU
		{A61856AD-B8C6-4687-B28F-CA1FDCAC7BBF}.Release|Any CPU.Build.0 = Release|Any CPU
	EndGlobalSection
	GlobalSection(SolutionProperties) = preSolution
		HideSolutionNode = FALSE
	EndGlobalSection
	GlobalSection(ExtensibilityGlobals) = postSolution
		SolutionGuid = {E470D959-598D-45F1-832C-1BAD4E5158DD}
	EndGlobalSection
EndGlobal
